{"ccbench_commit":"d706650","search_config":{"axis":"silo-backoff-trigger-gating","records":100000,"reflux":"on","scale":"silo","threads":4,"verify":"legacy+s2"},"search_tag":"s8a-trigger-autonomous","spec_content":"P3 段 8a E 段: silo-backoff-trigger-gating (abort 要因別 backoff gate 述語) coder 自律ループ。planner が方向 (値なし) を提案し coder が勝ち筋を見ずに gate 述語 (代入式 1 行) を合成、diff 検疫 + 構文契約 grep + auditor 機械 gate を通した hole 変異のみ build/verify(legacy+S2)/bench に進む。E 段へ流す偵察由来情報は軸の生死二値のみ (D48 条件 7)","trial":"p3-s8a-trigger-loop"}