{"ccbench_commit":"d706650","search_config":{"axis":"silo-writeset-sort","generator":"mech-enum-v1","records":1000000,"scale":"silo","space":"keys{S,K,P}xdir{a,d}xprefix+nosort","threads":48,"verify":"legacy+s2","workload":"write-heavy","ycsb":{"ycsb_rmw":"0","ycsb_rratio":"5","ycsb_zipf_skew":"0.9"}},"search_tag":"sweep","spec_content":"P3 段6前提 (i): sort comparator 空間の機械列挙 sweep (偵察、D44)。preliminary = 事前登録外カテゴリ、断定 verdict なし、(c) 判定は出さない。空間 = mech-enum-v1: keys{storage_,key_,rcdptr_} x dir{asc,desc} x lexicographic-prefix + nosort、全点 SWO-by-construction。workload=write-heavy。","trial":"p3-s6-sort-sweep-remeasure1"}