{"authority":{"activation_serial":1,"activation_state_sha256":"f78072854651b316e1f2d78c2dfc58bfd995160515ed721a80a267ced54cd3ed","contract_loader_blob_sha256s":{"orchestrator/campaign/artifact_admission.py":"b90b49fd49990b4ca0c03a2123c9663f9cffe833b7c987ee5062297fc390075e","orchestrator/campaign/campaign_lock.py":"02fa5dc5be58dce9789d2afa2489665d489ab2fe07eb507257a08ef802e42576","orchestrator/campaign/contract_loader_binding.py":"f5e668dc5f8a942efa3a8316efc7f5cf6950fc36ee211ce515c99e2ae8743448","orchestrator/campaign/env_contract.py":"292bbed314a6824e0618da83d1d94253f0290e4db0b3e509200a79221508bc9a","orchestrator/campaign/env_contract_activation.py":"679b6ef0d356d6d1d7377eee3846793757b7bc9a2e0b91f26f07d5d69741ef6b","orchestrator/campaign/execution_guard.py":"12cdad02d1a605f52d0fb3514e4c74b160bef9c2f9f6ea9eae26d758e33a2030","orchestrator/campaign/guided.py":"5b57bcbdb69b800f68143105f1168ee6de8eef36863906a8d45eba9835bb4d1d","orchestrator/campaign/ident.py":"20c27ef3e06fc8e0f5087a94265c72504d66525c927ea401eff91f188a40278e","orchestrator/campaign/loop.py":"6b6a84e518581bb3a91fd0474cef9e017bdcd7ebe5a2c296ac03ba728f996d75","orchestrator/campaign/pipeline.py":"46638c63388c816d29ae7866aaf30849e28881798ee542cab053d0206490525c","orchestrator/campaign/replay.py":"6110b4247f3734bcc1be64e197f49976d5b07972165c557f5052b338d6c98d2e","orchestrator/campaign/s8c_generation_projection.py":"5af4f45c371fca6c4f41ff927a2ef6302e050b9ca773184a3052281869003457","orchestrator/campaign/s8c_preregistration.py":"048f4c2511ba27e4c55e80cf4ebf33e9f8e5318447c356cadc07a4cffcaa7648","orchestrator/campaign/s8c_preregistration_evidence.py":"c664b1f5f9b165d1170fea774511993389c8c0fde853bc891928ced6b668765d","orchestrator/campaign/wal.py":"e3ebcd65c1000e88327fdfe96dd7b8a22a93f442f77783788f915b26d4858f88","orchestrator/qualification/artifacts.py":"97831abd9dc3be135464c11002b95dca2468bbfc52d90cdb27b0da4863780674","orchestrator/qualification/t126_driver.py":"0eb6db242ce68fb31ebbd0199877cc656e83cd75506c413daacbd6ee8b0e2550","orchestrator/verifier/__init__.py":"56c7fb4ca9b54425422cdabe41f3c454dc977d3ac02cd177e9d4738f4fe948bd","orchestrator/verifier/commit_receipt.py":"60250c19eb3a0c62ec55211f2e66180997fbc31f7b70d3dc035cb17de5b59ffd","orchestrator/verifier/core.py":"4d70c244848fc7410bd1a724cad7aa0f7f856ddfeb43717d8d8abb45385e42d0","orchestrator/verifier/dsg.py":"a932aeba5f0bee28a3c5be0111c785a87e2ed5f10789b52e630224da11dc6f37","orchestrator/verifier/model.py":"59136847b040e70002ee73f1b1de52a9ac2545e7beb36f60d95a0a43596067fb","orchestrator/verifier/parse.py":"1aedb77a9091600676e843a0b051045b63dc59e377a0ea038599c6bf4b369246","orchestrator/verifier/report.py":"e68e31a0c8ac5315bd0134be741241e7dd142d69e33e4f986f7674e6d3f27dbd"},"contract_loader_commit":"2a338449bb2798b729c5bc2f9bfe76463a7fe347","environment_contract_sha256":"e576e9cd1369bba3ae8faca084d1b7256bf919a7dd2e5d6facb093cd9e242c01"},"identity_preimage":"{\"ccbench_commit\":\"511c953\",\"search_config\":{\"block_run_order\":{\"block-1\":[\"none\",\"adaptive\",\"zero-loop\",\"constant-mu2\",\"symmetric-modulo-mu2\",\"symmetric-modulo-mu5\",\"constant-mu5\",\"constant-mu10\",\"symmetric-modulo-mu10\",\"symmetric-modulo-mu25\",\"constant-mu25\",\"constant-mu50\",\"symmetric-modulo-mu50\",\"symmetric-modulo-mu100\",\"constant-mu100\"],\"block-2\":[\"adaptive\",\"zero-loop\",\"none\",\"symmetric-modulo-mu2\",\"constant-mu2\",\"constant-mu5\",\"symmetric-modulo-mu5\",\"symmetric-modulo-mu10\",\"constant-mu10\",\"constant-mu25\",\"symmetric-modulo-mu25\",\"symmetric-modulo-mu50\",\"constant-mu50\",\"constant-mu100\",\"symmetric-modulo-mu100\"],\"block-3\":[\"zero-loop\",\"none\",\"adaptive\",\"constant-mu2\",\"symmetric-modulo-mu2\",\"symmetric-modulo-mu5\",\"constant-mu5\",\"constant-mu10\",\"symmetric-modulo-mu10\",\"symmetric-modulo-mu25\",\"constant-mu25\",\"constant-mu50\",\"symmetric-modulo-mu50\",\"symmetric-modulo-mu100\",\"constant-mu100\"]},\"blocks\":[\"block-1\",\"block-2\",\"block-3\"],\"build_admission\":{\"coder_authority\":\"cli-opt-in\",\"generator_registry\":[\"backoff-overthrottle\",\"backoff-profile\",\"backoff-repro\",\"backoff-sweep\",\"s1-extime-calibration\",\"s6-sort-sweep\",\"s8a-trigger-sweep\"],\"repo_stock_pin\":\"511c953\",\"review_registry\":[\"s1-known-axes\",\"s8b-floor\",\"s8b-oracle\"],\"schema\":\"build-admission-policy/v1\"},\"calibration\":{\"cache_floor_warning\":false,\"clocks_per_us\":2100,\"env_tag\":\"pegasus\",\"lower_bound_selected\":true,\"path\":\"output/env/pegasus/calibration/registered/calibration-753f535a8d024727.json\",\"records\":1000000,\"saturated\":false,\"schema_version\":\"calibration/v2\",\"sha256\":\"753f535a8d02472781bb51b8f56cc383112a791ff2a1e80963039e83bcce5a49\",\"threads\":48},\"decision\":{\"alpha\":0.05,\"equivalence_margin_pct\":3.0,\"family_size\":3,\"indeterminate_pvalue\":1.0,\"pairs_per_family\":18,\"version\":\"paired-sign-flip-holm/v1\"},\"extime\":3,\"means_us\":[2,5,10,25,50,100],\"minimum_abort_calls\":10000,\"physical_residual\":{\"maximum_absolute_deviation_pct_exclusive\":1.0,\"measurement\":\"realized-backoff-loop-cycles\",\"values\":[{\"commanded_mean_cycles\":4200.0,\"deviation_pct\":0.5616942857142844,\"mean_us\":2,\"realized_mean_cycles\":4223.59116,\"shape\":\"constant\"},{\"commanded_mean_cycles\":4200.0,\"deviation_pct\":0.43630380952381964,\"mean_us\":2,\"realized_mean_cycles\":4218.32476,\"shape\":\"symmetric-modulo\"},{\"commanded_mean_cycles\":10500.0,\"deviation_pct\":0.3655493333333392,\"mean_us\":5,\"realized_mean_cycles\":10538.38268,\"shape\":\"constant\"},{\"commanded_mean_cycles\":10500.0,\"deviation_pct\":0.42005580952380633,\"mean_us\":5,\"realized_mean_cycles\":10544.10586,\"shape\":\"symmetric-modulo\"},{\"commanded_mean_cycles\":21000.0,\"deviation_pct\":0.16864114285713835,\"mean_us\":10,\"realized_mean_cycles\":21035.41464,\"shape\":\"constant\"},{\"commanded_mean_cycles\":21000.0,\"deviation_pct\":0.22512828571428448,\"mean_us\":10,\"realized_mean_cycles\":21047.27694,\"shape\":\"symmetric-modulo\"},{\"commanded_mean_cycles\":52500.0,\"deviation_pct\":0.05827036190475891,\"mean_us\":25,\"realized_mean_cycles\":52530.59194,\"shape\":\"constant\"},{\"commanded_mean_cycles\":52500.0,\"deviation_pct\":-0.427117447619052,\"mean_us\":25,\"realized_mean_cycles\":52275.76334,\"shape\":\"symmetric-modulo\"},{\"commanded_mean_cycles\":105000.0,\"deviation_pct\":0.020794857142859006,\"mean_us\":50,\"realized_mean_cycles\":105021.8346,\"shape\":\"constant\"},{\"commanded_mean_cycles\":105000.0,\"deviation_pct\":-0.29328072380952236,\"mean_us\":50,\"realized_mean_cycles\":104692.05524,\"shape\":\"symmetric-modulo\"},{\"commanded_mean_cycles\":210000.0,\"deviation_pct\":0.014274666666668573,\"mean_us\":100,\"realized_mean_cycles\":210029.9768,\"shape\":\"constant\"},{\"commanded_mean_cycles\":210000.0,\"deviation_pct\":0.23200298095238395,\"mean_us\":100,\"realized_mean_cycles\":210487.20626,\"shape\":\"symmetric-modulo\"}]},\"preregistration_binding\":{\"analysis_code_sha256\":\"b15c35480f50e73a440be0a734e7247f9ca56f17df58d86a4cdb1752fb214dd9\",\"binding_sha256\":\"24d80d9a35122de1d6ecd8a7d0244c439434452e94418fa35d34a48169b9f483\",\"formula_sha256\":\"5b3d8deefed35d05597891592d7af442c96b2fa094cdebc8376b2e9bc9cd7662\",\"patch_sha256\":\"36cd974c56c6f103d894a53048ac734d9859def266c05898d3794d2c48470832\",\"prereg_blob_sha\":\"ea910de32df83c1bb320cbe62344dc5fb3b94684\",\"prereg_commit\":\"77b33e37d2d63b1f83d10652792c3c93eba9fe8f\",\"spec_sha256\":\"9c59411476018d510c8fc5d57f203920ccd3b216e6c5f341ce6b97e45041a7c2\"},\"preregistration_path\":\"docs/b10-backoff-shape-preregistration.md\",\"preregistration_spec\":{\"analysis\":{\"alpha\":0.05,\"confidence_interval\":{\"confidence_level\":0.95,\"critical_value\":4.302652729911275,\"degrees_of_freedom\":2,\"method\":\"student-t-paired-block-mean\"},\"decision_procedure\":[\"construct-all-18-within-block-paired-relative-effects\",\"mark-family-indeterminate-on-any-unusable-pair\",\"enumerate-two-sided-sign-flip-pvalue-for-each-testable-family\",\"set-indeterminate-family-pvalue-to-1\",\"holm-adjust-all-three-families\",\"different-iff-testable-and-holm-p-less-than-or-equal-alpha\",\"otherwise-not-detected\",\"report-all-cell-effects-confidence-intervals-and-equivalence-relations\"],\"equivalence_margin_pct\":3.0,\"exposure\":{\"below_minimum_action\":\"indeterminate\",\"metric\":\"sum-performance-rep-abort-counts\",\"minimum_calls_per_cell\":10000},\"holm_families\":[{\"shape\":\"symmetric-modulo\",\"workload\":\"write-heavy\"},{\"shape\":\"symmetric-modulo\",\"workload\":\"balanced\"},{\"shape\":\"symmetric-modulo\",\"workload\":\"read-heavy\"}],\"missingness\":{\"conditions\":[\"missing\",\"performance-error\",\"correctness-not-certified\",\"unstable\",\"underexposed\"],\"family_action\":\"indeterminate\",\"indeterminate_pvalue\":1.0,\"pair_action\":\"invalidate-entire-family\"},\"permutation\":{\"enumeration\":\"all-2^18\",\"method\":\"exact-sign-flip\",\"pairs_per_family\":18,\"sided\":\"two-sided\",\"statistic\":\"absolute-sum-paired-relative-effect\"}},\"artifacts\":{\"formula_sha256\":\"5b3d8deefed35d05597891592d7af442c96b2fa094cdebc8376b2e9bc9cd7662\",\"patch_sha256\":\"36cd974c56c6f103d894a53048ac734d9859def266c05898d3794d2c48470832\"},\"blocks\":{\"count\":3,\"ids\":[\"block-1\",\"block-2\",\"block-3\"],\"run_order\":{\"block-1\":[\"none\",\"adaptive\",\"zero-loop\",\"constant-mu2\",\"symmetric-modulo-mu2\",\"symmetric-modulo-mu5\",\"constant-mu5\",\"constant-mu10\",\"symmetric-modulo-mu10\",\"symmetric-modulo-mu25\",\"constant-mu25\",\"constant-mu50\",\"symmetric-modulo-mu50\",\"symmetric-modulo-mu100\",\"constant-mu100\"],\"block-2\":[\"adaptive\",\"zero-loop\",\"none\",\"symmetric-modulo-mu2\",\"constant-mu2\",\"constant-mu5\",\"symmetric-modulo-mu5\",\"symmetric-modulo-mu10\",\"constant-mu10\",\"constant-mu25\",\"symmetric-modulo-mu25\",\"symmetric-modulo-mu50\",\"constant-mu50\",\"constant-mu100\",\"symmetric-modulo-mu100\"],\"block-3\":[\"zero-loop\",\"none\",\"adaptive\",\"constant-mu2\",\"symmetric-modulo-mu2\",\"symmetric-modulo-mu5\",\"constant-mu5\",\"constant-mu10\",\"symmetric-modulo-mu10\",\"symmetric-modulo-mu25\",\"constant-mu25\",\"constant-mu50\",\"symmetric-modulo-mu50\",\"symmetric-modulo-mu100\",\"constant-mu100\"]}},\"execution\":{\"correctness_mode\":\"legacy+performance\",\"correctness_reps\":5,\"extime_s\":3,\"performance_reps\":5,\"screening\":false,\"threads\":48},\"external_floor_reference_widths\":{\"power_guarantee\":false,\"terminology\":\"external-floor-derived-reference-width\",\"values\":[{\"between_run_cv_pct\":0.67,\"reference_width_pct\":1.9,\"source_environment\":\"linux-baremetal\",\"workload\":\"write-heavy\"},{\"between_run_cv_pct\":1.07,\"reference_width_pct\":3.0,\"source_environment\":\"linux-baremetal\",\"workload\":\"balanced\"},{\"between_run_cv_pct\":0.22,\"reference_width_pct\":0.62,\"source_environment\":\"pegasus\",\"workload\":\"read-heavy\"}]},\"grid\":{\"encoding\":\"BACKOFF_FIXED=shape_code*1000+mu\",\"means_us\":[2,5,10,25,50,100],\"references\":[{\"back_off\":0,\"backoff_fixed\":-1,\"name\":\"none\"},{\"back_off\":1,\"backoff_fixed\":-1,\"name\":\"adaptive\"},{\"back_off\":1,\"backoff_fixed\":0,\"name\":\"zero-loop\"}],\"shapes\":[{\"code\":0,\"name\":\"constant\",\"support\":\"mu\"},{\"code\":1,\"name\":\"symmetric-modulo\",\"support\":\"closed-half-width-mu/2-through-3mu/2\"}]},\"physical_residual\":{\"maximum_absolute_deviation_pct_exclusive\":1.0,\"measurement\":\"realized-backoff-loop-cycles\",\"provenance\":{\"extraction_rule\":\"select-probe-rows-whose-shape-is-in-the-registered-grid\",\"placeholder_preregistration_commit\":\"1549bd92794d72e05aeafe5903568f7d9023614d\",\"probe_calls_per_cell\":100000,\"probe_cells_total\":18,\"probe_clocks_per_us\":2100,\"probe_host\":\"bnode142\",\"probe_measured_at_utc\":\"2026-08-27T16:26:55.628726Z\",\"probe_nonce\":\"6f8cea40fcf2193f4e4157e9c89adde1\",\"probe_request_id\":\"953543.nqsv\",\"probe_result_sha256\":\"6e7d8ed7d27be091ce94de4b85ac61a50e99d97167e75c4328e8a54982224bc3\",\"probe_schema_version\":\"izanagi-b10-backoff-shape-probe/v1\",\"probe_source_commit\":\"8df4fa25da01311e887336b6f454f6d33ec28a2c\",\"submission_receipt_sha256\":\"782b25fc0aecf78d0aa9dfa36ef2d036c777eb171b3ebe654405b7364dc7eb54\"},\"values\":[{\"commanded_mean_cycles\":4200,\"deviation_pct\":0.5616942857142844,\"mean_us\":2,\"realized_mean_cycles\":4223.59116,\"shape\":\"constant\"},{\"commanded_mean_cycles\":4200,\"deviation_pct\":0.43630380952381964,\"mean_us\":2,\"realized_mean_cycles\":4218.32476,\"shape\":\"symmetric-modulo\"},{\"commanded_mean_cycles\":10500,\"deviation_pct\":0.3655493333333392,\"mean_us\":5,\"realized_mean_cycles\":10538.38268,\"shape\":\"constant\"},{\"commanded_mean_cycles\":10500,\"deviation_pct\":0.42005580952380633,\"mean_us\":5,\"realized_mean_cycles\":10544.10586,\"shape\":\"symmetric-modulo\"},{\"commanded_mean_cycles\":21000,\"deviation_pct\":0.16864114285713835,\"mean_us\":10,\"realized_mean_cycles\":21035.41464,\"shape\":\"constant\"},{\"commanded_mean_cycles\":21000,\"deviation_pct\":0.22512828571428448,\"mean_us\":10,\"realized_mean_cycles\":21047.27694,\"shape\":\"symmetric-modulo\"},{\"commanded_mean_cycles\":52500,\"deviation_pct\":0.05827036190475891,\"mean_us\":25,\"realized_mean_cycles\":52530.59194,\"shape\":\"constant\"},{\"commanded_mean_cycles\":52500,\"deviation_pct\":-0.427117447619052,\"mean_us\":25,\"realized_mean_cycles\":52275.76334,\"shape\":\"symmetric-modulo\"},{\"commanded_mean_cycles\":105000,\"deviation_pct\":0.020794857142859006,\"mean_us\":50,\"realized_mean_cycles\":105021.8346,\"shape\":\"constant\"},{\"commanded_mean_cycles\":105000,\"deviation_pct\":-0.29328072380952236,\"mean_us\":50,\"realized_mean_cycles\":104692.05524,\"shape\":\"symmetric-modulo\"},{\"commanded_mean_cycles\":210000,\"deviation_pct\":0.014274666666668573,\"mean_us\":100,\"realized_mean_cycles\":210029.9768,\"shape\":\"constant\"},{\"commanded_mean_cycles\":210000,\"deviation_pct\":0.23200298095238395,\"mean_us\":100,\"realized_mean_cycles\":210487.20626,\"shape\":\"symmetric-modulo\"}]},\"registration_rules\":{\"a2_material_role\":\"motivation-and-prior-evidence-not-parameter-selection\",\"means_us_and_cell_partition\":\"unchanged\",\"physical_residual_cell_policy\":\"evaluate-all-registered-cells-without-exemption\",\"shape_eligibility_criterion\":\"symbolic-mean-deviation-has-no-unsuppressed-mu-coefficient-on-mixer-high-bit-frequency\",\"shape_eligibility_evidence\":\"formula-only-not-observed-deviation\",\"shape_exclusion_granularity\":\"whole-shape-only\",\"shape_rule_formulation_timing\":\"after-physical-residual-probe-before-shape-grid-throughput\",\"throughput_decision_procedure\":\"unchanged-and-independent-of-a2\"},\"schema_version\":\"izanagi-b10-backoff-shape-preregistration/v4\",\"workloads\":[{\"name\":\"write-heavy\",\"ycsb_max_ope\":\"10\",\"ycsb_rmw\":\"0\",\"ycsb_rratio\":\"5\",\"ycsb_zipf_skew\":\"0.9\"},{\"name\":\"balanced\",\"ycsb_max_ope\":\"10\",\"ycsb_rmw\":\"0\",\"ycsb_rratio\":\"50\",\"ycsb_zipf_skew\":\"0.9\"},{\"name\":\"read-heavy\",\"ycsb_max_ope\":\"10\",\"ycsb_rmw\":\"0\",\"ycsb_rratio\":\"95\",\"ycsb_zipf_skew\":\"0.9\"}]},\"records\":1000000,\"references\":[\"none\",\"adaptive\",\"zero-loop\"],\"reps\":5,\"scale\":\"silo-b10-backoff-shape\",\"shape_codes\":{\"constant\":0,\"symmetric-modulo\":1},\"space_version\":\"b10-backoff-shape/v2\",\"threads\":48,\"verify\":\"legacy+performance\",\"workload\":\"read-heavy\",\"ycsb\":{\"ycsb_max_ope\":\"10\",\"ycsb_rmw\":\"0\",\"ycsb_rratio\":\"95\",\"ycsb_zipf_skew\":\"0.9\"}},\"search_tag\":\"formal\",\"spec_content\":\"B-10 registered equal-target-mean backoff-shape comparison; 15 genomes, three independent paired blocks, no screening; workload=read-heavy\",\"trial\":\"b10-backoff-shape-v2-9c59411476018d51\"}","schema_version":"campaign-lock/v2"}