{"ccbench_commit":"d706650","search_config":{"axis":"silo-backoff-trigger-gating","build_admission":{"coder_authority":"cli-opt-in","generator_registry":["backoff-overthrottle","backoff-profile","backoff-repro","backoff-sweep","s1-extime-calibration","s6-sort-sweep","s8a-trigger-sweep"],"repo_stock_pin":"d706650","review_registry":["s1-known-axes","s8b-floor","s8b-oracle"],"schema":"build-admission-policy/v1"},"descriptor_schema":"8b-v1","descriptor_sha256":"f8353a0f5bc46f0c4206c02804953677f0b18bf0bb3ff3df3645c6889030fa33","generation_budget":1,"measurement_env":"pegasus","pilot_scope":"exploratory-ycsb-abc","records":100000,"reflux":"on","scale":"silo","stop_policy":"fixed-generations-no-performance-early-stop","threads":4,"verify":"legacy+s2","workload":"ycsb-a","ycsb":{"ycsb_rmw":"0","ycsb_rratio":"50","ycsb_zipf_skew":"0.9"}},"search_tag":"workload-conditioned-autonomous","spec_content":"T-178 exploratory YCSB A/B/C workload-conditioned unattended synthesis. Python invokes fresh projected planner/coder/auditor/critic roles; existing trigger-gating quarantine/correctness/performance harness remains authoritative. Fixed generations, no performance-target early stop, no formal descriptor claim.","trial":"wave-a-smoke-leg-a-687664791484-ycsb-a"}