{"ccbench_commit":"dff0f1e","search_config":{"base":"L-W0","records":1000000,"scale":"silo-backoff","screening":{"baseline_ref":"d08328e01a24","floor":"0.0010979692594382789","high_abort_factor":"2.0","k":"1.5"},"screening_fixed_us":100,"sweep_us":[2,5,10,25,50,100],"threads":48,"workload":"read-heavy","ycsb":{"ycsb_rmw":"0","ycsb_rratio":"95","ycsb_zipf_skew":"0.9"}},"search_tag":"sweep","spec_content":"P2 case study: silo static-backoff sweep — workload=read-heavy","trial":"p2-backoff"}