{"ccbench_commit":"6656e93","search_config":{"records":1000000,"scale":"silo","space":"xor-8","threads":48,"workload":"balanced","ycsb":{"ycsb_rmw":"0","ycsb_rratio":"50","ycsb_zipf_skew":"0.9"}},"search_tag":"enumerate","spec_content":"P2-2: silo 全探索 (実 fitness) — workload=balanced","trial":"p2-2"}