{"ccbench_commit":"d706650","search_config":{"axis":"silo-writeset-sort","records":100000,"reflux":"on","scale":"silo","threads":4,"verify":"legacy+s2"},"search_tag":"s5-sort-autonomous","spec_content":"P3 後続段 5: sort-strategy (write_set 施錠順序 comparator) coder 自律ループ。planner が方向 (値なし) を提案し coder が勝ち筋を見ずに comparator コードを合成、diff 検疫 (4a 型) + auditor 機械 gate (D41 条件4) を通した hole 変異のみ build/verify(legacy+S2)/bench に 進む。critic 帰属を次 iteration に還流 (LLM ablation の on アーム)","trial":"p3-s5-sort-loop"}