{"ccbench_commit":"dff0f1e","search_config":{"records":100000,"scale":"silo","threads":4,"variants":"red-timeout+fixture-norw-trace"},"search_tag":"s4-red-consumer","spec_content":"P3 後続段 2: S4 consumer の赤 2 本 — coder 発 liveness-red (過大 backoff 1e9µs → trace-timeout、完全 E2E) + fixture 発 verify-red (r1_write_skew trace 注入の半実 — stock genome への帰属は偽で fixture 用 campaign に隔離)。正系列に混ぜない","trial":"p3-s4-red"}