{"ccbench_commit":"d706650","search_config":{"axis":"silo-backoff-trigger-gating","effective_reasons":["lock-conflict","readvali-tid","readvali-locked"],"generator":"reason-subset-v1","records":1000000,"scale":"silo","space":"reason-subsets(effective)+identall+stock","threads":48,"verify":"legacy+s2","workload":"write-heavy","ycsb":{"ycsb_rmw":"0","ycsb_rratio":"5","ycsb_zipf_skew":"0.9"}},"search_tag":"sweep","spec_content":"P3 段 8a D 段: silo-backoff-trigger-gating 機械列挙 sweep (偵察、D46 型)。preliminary = 事前登録外カテゴリ、断定 verdict なし、(c) 判定は出さない。firewall: E 段へは軸の生死二値のみ (D48 条件 7)・段 6 正式 grid へ材料流用しない。素の sweep は適応 Backoff_ との連成地形 (直交性主張は adaptive-off 限定)。空間 = reason-subset-v1: 実効要因 ['lock-conflict', 'readvali-tid', 'readvali-locked'] の部分集合 2^N (kUnset→true 固定) + ident_all + stock。workload=write-heavy。","trial":"p3-s8a-trigger-sweep"}