{"ccbench_commit":"028f34d","search_config":{"axis":"silo-backoff-magnitude","records":100000,"reflux":"on","scale":"silo","threads":4},"search_tag":"s4-autonomous","spec_content":"P3 後続段 4: coder 自律ループ。planner が方向 (値なし) を提案し coder が勝ち筋値を見ずに backoff 値を合成、diff 検疫 (4a) を通した hole 変異のみ build/verify/bench に進む。critic 帰属を次 iteration に 還流 (LLM ablation の on アーム)。fixture red を正系列に混ぜない","trial":"p3-s4-loop"}